
Microsoft Visual Studio Solution File, Format Version 12.00
# Visual Studio Version 16
VisualStudioVersion = 16.0.29709.97
MinimumVisualStudioVersion = 10.0.40219.1
Project("{9A19103F-16F7-4668-BE54-9A1E7A4F7556}") = "CustomValidationDemo", "CustomValidationDemo\CustomValidationDemo.csproj", "{1100EEB0-2371-4498-8CCB-59B2D43B152E}"
EndProject
Project("{2150E333-8FDC-42A3-9474-1A3956D46DE8}") = "Solution Items", "Solution Items", "{44282127-B1FC-4F01-A472-4E52EC318E1D}"
	ProjectSection(SolutionItems) = preProject
		README.md = README.md
	EndProjectSection
EndProject
Global
	GlobalSection(SolutionConfigurationPlatforms) = preSolution
		Debug|Any CPU = Debug|Any CPU
		Release|Any CPU = Release|Any CPU
	EndGlobalSection
	GlobalSection(ProjectConfigurationPlatforms) = postSolution
		{1100EEB0-2371-4498-8CCB-59B2D43B152E}.Debug|Any CPU.ActiveCfg = Debug|Any CPU
		{1100EEB0-2371-4498-8CCB-59B2D43B152E}.Debug|Any CPU.Build.0 = Debug|Any CPU
		{1100EEB0-2371-4498-8CCB-59B2D43B152E}.Release|Any CPU.ActiveCfg = Release|Any CPU
		{1100EEB0-2371-4498-8CCB-59B2D43B152E}.Release|Any CPU.Build.0 = Release|Any CPU
	EndGlobalSection
	GlobalSection(SolutionProperties) = preSolution
		HideSolutionNode = FALSE
	EndGlobalSection
	GlobalSection(ExtensibilityGlobals) = postSolution
		SolutionGuid = {33ACAED5-E7EB-417B-95D3-D7F51B259A66}
	EndGlobalSection
EndGlobal
